// !$*UTF8*$!
{
	archiveVersion = 1;
	classes = {
	};
	objectVersion = 55;
	objects = {

/* Begin PBXBuildFile section */
		719D0DC328AA7F37005A2B4D /* RandomWordService.swift in Sources */ = {isa = PBXBuildFile; fileRef = 719D0DC228AA7F37005A2B4D /* RandomWordService.swift */; };
		719D0DC928AA8556005A2B4D /* Resource.swift in Sources */ = {isa = PBXBuildFile; fileRef = 719D0DC828AA8556005A2B4D /* Resource.swift */; };
		719D0DCD28AA88F2005A2B4D /* PublisherExtension.swift in Sources */ = {isa = PBXBuildFile; fileRef = 719D0DCC28AA88F2005A2B4D /* PublisherExtension.swift */; };
		719D0DD028AA8DA8005A2B4D /* Then in Frameworks */ = {isa = PBXBuildFile; productRef = 719D0DCF28AA8DA8005A2B4D /* Then */; };
		719D0DD328AA8EB3005A2B4D /* SnapKit in Frameworks */ = {isa = PBXBuildFile; productRef = 719D0DD228AA8EB3005A2B4D /* SnapKit */; };
		719D0DD628AAA847005A2B4D /* Alamofire in Frameworks */ = {isa = PBXBuildFile; productRef = 719D0DD528AAA847005A2B4D /* Alamofire */; };
		719D0DD828AAA99B005A2B4D /* WordViewController.swift in Sources */ = {isa = PBXBuildFile; fileRef = 719D0DD728AAA99B005A2B4D /* WordViewController.swift */; };
		719D0DDB28AAACA1005A2B4D /* WordViewModel.swift in Sources */ = {isa = PBXBuildFile; fileRef = 719D0DDA28AAACA1005A2B4D /* WordViewModel.swift */; };
		719D0DDE28AB5ADE005A2B4D /* MainButton.swift in Sources */ = {isa = PBXBuildFile; fileRef = 719D0DDD28AB5ADE005A2B4D /* MainButton.swift */; };
		719D0DE028AB5D02005A2B4D /* AllWordsViewController.swift in Sources */ = {isa = PBXBuildFile; fileRef = 719D0DDF28AB5D02005A2B4D /* AllWordsViewController.swift */; };
		719D0DE228AB5D2F005A2B4D /* AllWordsViewModel.swift in Sources */ = {isa = PBXBuildFile; fileRef = 719D0DE128AB5D2F005A2B4D /* AllWordsViewModel.swift */; };
		719D0DE628AB8EEC005A2B4D /* WordCell.swift in Sources */ = {isa = PBXBuildFile; fileRef = 719D0DE528AB8EEC005A2B4D /* WordCell.swift */; };
		719D0DE928AB931F005A2B4D /* NVActivityIndicatorView in Frameworks */ = {isa = PBXBuildFile; productRef = 719D0DE828AB931F005A2B4D /* NVActivityIndicatorView */; };
		71A8117028AA60CF004A351D /* AppDelegate.swift in Sources */ = {isa = PBXBuildFile; fileRef = 71A8116F28AA60CF004A351D /* AppDelegate.swift */; };
		71A8117228AA60CF004A351D /* SceneDelegate.swift in Sources */ = {isa = PBXBuildFile; fileRef = 71A8117128AA60CF004A351D /* SceneDelegate.swift */; };
		71A8117428AA60CF004A351D /* HomeViewController.swift in Sources */ = {isa = PBXBuildFile; fileRef = 71A8117328AA60CF004A351D /* HomeViewController.swift */; };
		71A8117728AA60CF004A351D /* Main.storyboard in Resources */ = {isa = PBXBuildFile; fileRef = 71A8117528AA60CF004A351D /* Main.storyboard */; };
		71A8117928AA60D1004A351D /* Assets.xcassets in Resources */ = {isa = PBXBuildFile; fileRef = 71A8117828AA60D1004A351D /* Assets.xcassets */; };
		71A8117C28AA60D1004A351D /* LaunchScreen.storyboard in Resources */ = {isa = PBXBuildFile; fileRef = 71A8117A28AA60D1004A351D /* LaunchScreen.storyboard */; };
/* End PBXBuildFile section */

/* Begin PBXFileReference section */
		719D0DC228AA7F37005A2B4D /* RandomWordService.swift */ = {isa = PBXFileReference; lastKnownFileType = sourcecode.swift; path = RandomWordService.swift; sourceTree = "<group>"; };
		719D0DC828AA8556005A2B4D /* Resource.swift */ = {isa = PBXFileReference; lastKnownFileType = sourcecode.swift; path = Resource.swift; sourceTree = "<group>"; };
		719D0DCC28AA88F2005A2B4D /* PublisherExtension.swift */ = {isa = PBXFileReference; lastKnownFileType = sourcecode.swift; path = PublisherExtension.swift; sourceTree = "<group>"; };
		719D0DD728AAA99B005A2B4D /* WordViewController.swift */ = {isa = PBXFileReference; lastKnownFileType = sourcecode.swift; path = WordViewController.swift; sourceTree = "<group>"; };
		719D0DDA28AAACA1005A2B4D /* WordViewModel.swift */ = {isa = PBXFileReference; lastKnownFileType = sourcecode.swift; path = WordViewModel.swift; sourceTree = "<group>"; };
		719D0DDD28AB5ADE005A2B4D /* MainButton.swift */ = {isa = PBXFileReference; lastKnownFileType = sourcecode.swift; path = MainButton.swift; sourceTree = "<group>"; };
		719D0DDF28AB5D02005A2B4D /* AllWordsViewController.swift */ = {isa = PBXFileReference; lastKnownFileType = sourcecode.swift; path = AllWordsViewController.swift; sourceTree = "<group>"; };
		719D0DE128AB5D2F005A2B4D /* AllWordsViewModel.swift */ = {isa = PBXFileReference; lastKnownFileType = sourcecode.swift; path = AllWordsViewModel.swift; sourceTree = "<group>"; };
		719D0DE528AB8EEC005A2B4D /* WordCell.swift */ = {isa = PBXFileReference; lastKnownFileType = sourcecode.swift; path = WordCell.swift; sourceTree = "<group>"; };
		71A8116C28AA60CF004A351D /* RandomWords.app */ = {isa = PBXFileReference; explicitFileType = wrapper.application; includeInIndex = 0; path = RandomWords.app; sourceTree = BUILT_PRODUCTS_DIR; };
		71A8116F28AA60CF004A351D /* AppDelegate.swift */ = {isa = PBXFileReference; lastKnownFileType = sourcecode.swift; path = AppDelegate.swift; sourceTree = "<group>"; };
		71A8117128AA60CF004A351D /* SceneDelegate.swift */ = {isa = PBXFileReference; lastKnownFileType = sourcecode.swift; path = SceneDelegate.swift; sourceTree = "<group>"; };
		71A8117328AA60CF004A351D /* HomeViewController.swift */ = {isa = PBXFileReference; lastKnownFileType = sourcecode.swift; path = HomeViewController.swift; sourceTree = "<group>"; };
		71A8117628AA60CF004A351D /* Base */ = {isa = PBXFileReference; lastKnownFileType = file.storyboard; name = Base; path = Base.lproj/Main.storyboard; sourceTree = "<group>"; };
		71A8117828AA60D1004A351D /* Assets.xcassets */ = {isa = PBXFileReference; lastKnownFileType = folder.assetcatalog; path = Assets.xcassets; sourceTree = "<group>"; };
		71A8117B28AA60D1004A351D /* Base */ = {isa = PBXFileReference; lastKnownFileType = file.storyboard; name = Base; path = Base.lproj/LaunchScreen.storyboard; sourceTree = "<group>"; };
		71A8117D28AA60D1004A351D /* Info.plist */ = {isa = PBXFileReference; lastKnownFileType = text.plist.xml; path = Info.plist; sourceTree = "<group>"; };
/* End PBXFileReference section */

/* Begin PBXFrameworksBuildPhase section */
		71A8116928AA60CF004A351D /* Frameworks */ = {
			isa = PBXFrameworksBuildPhase;
			buildActionMask = 2147483647;
			files = (
				719D0DE928AB931F005A2B4D /* NVActivityIndicatorView in Frameworks */,
				719D0DD628AAA847005A2B4D /* Alamofire in Frameworks */,
				719D0DD028AA8DA8005A2B4D /* Then in Frameworks */,
				719D0DD328AA8EB3005A2B4D /* SnapKit in Frameworks */,
			);
			runOnlyForDeploymentPostprocessing = 0;
		};
/* End PBXFrameworksBuildPhase section */

/* Begin PBXGroup section */
		719D0DC028AA7EA3005A2B4D /* UI */ = {
			isa = PBXGroup;
			children = (
				71A8117328AA60CF004A351D /* HomeViewController.swift */,
				719D0DD728AAA99B005A2B4D /* WordViewController.swift */,
				719D0DDF28AB5D02005A2B4D /* AllWordsViewController.swift */,
				719D0DE528AB8EEC005A2B4D /* WordCell.swift */,
			);
			path = UI;
			sourceTree = "<group>";
		};
		719D0DC128AA7EE5005A2B4D /* Network */ = {
			isa = PBXGroup;
			children = (
				719D0DC228AA7F37005A2B4D /* RandomWordService.swift */,
				719D0DC828AA8556005A2B4D /* Resource.swift */,
			);
			path = Network;
			sourceTree = "<group>";
		};
		719D0DCA28AA88BF005A2B4D /* Helper */ = {
			isa = PBXGroup;
			children = (
				719D0DD928AAAC86005A2B4D /* ViewModel */,
				719D0DDC28AB5AC5005A2B4D /* CustomView */,
				719D0DC128AA7EE5005A2B4D /* Network */,
				719D0DCB28AA88D2005A2B4D /* Extension */,
			);
			path = Helper;
			sourceTree = "<group>";
		};
		719D0DCB28AA88D2005A2B4D /* Extension */ = {
			isa = PBXGroup;
			children = (
				719D0DCC28AA88F2005A2B4D /* PublisherExtension.swift */,
			);
			path = Extension;
			sourceTree = "<group>";
		};
		719D0DD928AAAC86005A2B4D /* ViewModel */ = {
			isa = PBXGroup;
			children = (
				719D0DDA28AAACA1005A2B4D /* WordViewModel.swift */,
				719D0DE128AB5D2F005A2B4D /* AllWordsViewModel.swift */,
			);
			path = ViewModel;
			sourceTree = "<group>";
		};
		719D0DDC28AB5AC5005A2B4D /* CustomView */ = {
			isa = PBXGroup;
			children = (
				719D0DDD28AB5ADE005A2B4D /* MainButton.swift */,
			);
			path = CustomView;
			sourceTree = "<group>";
		};
		71A8116328AA60CF004A351D = {
			isa = PBXGroup;
			children = (
				71A8116E28AA60CF004A351D /* RandomWords */,
				71A8116D28AA60CF004A351D /* Products */,
			);
			sourceTree = "<group>";
		};
		71A8116D28AA60CF004A351D /* Products */ = {
			isa = PBXGroup;
			children = (
				71A8116C28AA60CF004A351D /* RandomWords.app */,
			);
			name = Products;
			sourceTree = "<group>";
		};
		71A8116E28AA60CF004A351D /* RandomWords */ = {
			isa = PBXGroup;
			children = (
				71A8117528AA60CF004A351D /* Main.storyboard */,
				71A8117A28AA60D1004A351D /* LaunchScreen.storyboard */,
				71A8116F28AA60CF004A351D /* AppDelegate.swift */,
				71A8117128AA60CF004A351D /* SceneDelegate.swift */,
				719D0DC028AA7EA3005A2B4D /* UI */,
				719D0DCA28AA88BF005A2B4D /* Helper */,
				71A8117828AA60D1004A351D /* Assets.xcassets */,
				71A8117D28AA60D1004A351D /* Info.plist */,
			);
			path = RandomWords;
			sourceTree = "<group>";
		};
/* End PBXGroup section */

/* Begin PBXNativeTarget section */
		71A8116B28AA60CF004A351D /* RandomWords */ = {
			isa = PBXNativeTarget;
			buildConfigurationList = 71A8118028AA60D1004A351D /* Build configuration list for PBXNativeTarget "RandomWords" */;
			buildPhases = (
				71A8116828AA60CF004A351D /* Sources */,
				71A8116928AA60CF004A351D /* Frameworks */,
				71A8116A28AA60CF004A351D /* Resources */,
			);
			buildRules = (
			);
			dependencies = (
			);
			name = RandomWords;
			packageProductDependencies = (
				719D0DCF28AA8DA8005A2B4D /* Then */,
				719D0DD228AA8EB3005A2B4D /* SnapKit */,
				719D0DD528AAA847005A2B4D /* Alamofire */,
				719D0DE828AB931F005A2B4D /* NVActivityIndicatorView */,
			);
			productName = RandomWords;
			productReference = 71A8116C28AA60CF004A351D /* RandomWords.app */;
			productType = "com.apple.product-type.application";
		};
/* End PBXNativeTarget section */

/* Begin PBXProject section */
		71A8116428AA60CF004A351D /* Project object */ = {
			isa = PBXProject;
			attributes = {
				BuildIndependentTargetsInParallel = 1;
				LastSwiftUpdateCheck = 1340;
				LastUpgradeCheck = 1340;
				TargetAttributes = {
					71A8116B28AA60CF004A351D = {
						CreatedOnToolsVersion = 13.4.1;
					};
				};
			};
			buildConfigurationList = 71A8116728AA60CF004A351D /* Build configuration list for PBXProject "RandomWords" */;
			compatibilityVersion = "Xcode 13.0";
			developmentRegion = en;
			hasScannedForEncodings = 0;
			knownRegions = (
				en,
				Base,
			);
			mainGroup = 71A8116328AA60CF004A351D;
			packageReferences = (
				719D0DCE28AA8DA8005A2B4D /* XCRemoteSwiftPackageReference "Then" */,
				719D0DD128AA8EB3005A2B4D /* XCRemoteSwiftPackageReference "SnapKit" */,
				719D0DD428AAA847005A2B4D /* XCRemoteSwiftPackageReference "Alamofire" */,
				719D0DE728AB931F005A2B4D /* XCRemoteSwiftPackageReference "NVActivityIndicatorView" */,
			);
			productRefGroup = 71A8116D28AA60CF004A351D /* Products */;
			projectDirPath = "";
			projectRoot = "";
			targets = (
				71A8116B28AA60CF004A351D /* RandomWords */,
			);
		};
/* End PBXProject section */

/* Begin PBXResourcesBuildPhase section */
		71A8116A28AA60CF004A351D /* Resources */ = {
			isa = PBXResourcesBuildPhase;
			buildActionMask = 2147483647;
			files = (
				71A8117C28AA60D1004A351D /* LaunchScreen.storyboard in Resources */,
				71A8117928AA60D1004A351D /* Assets.xcassets in Resources */,
				71A8117728AA60CF004A351D /* Main.storyboard in Resources */,
			);
			runOnlyForDeploymentPostprocessing = 0;
		};
/* End PBXResourcesBuildPhase section */

/* Begin PBXSourcesBuildPhase section */
		71A8116828AA60CF004A351D /* Sources */ = {
			isa = PBXSourcesBuildPhase;
			buildActionMask = 2147483647;
			files = (
				719D0DE228AB5D2F005A2B4D /* AllWordsViewModel.swift in Sources */,
				719D0DC328AA7F37005A2B4D /* RandomWordService.swift in Sources */,
				71A8117428AA60CF004A351D /* HomeViewController.swift in Sources */,
				719D0DE028AB5D02005A2B4D /* AllWordsViewController.swift in Sources */,
				719D0DDE28AB5ADE005A2B4D /* MainButton.swift in Sources */,
				719D0DD828AAA99B005A2B4D /* WordViewController.swift in Sources */,
				71A8117028AA60CF004A351D /* AppDelegate.swift in Sources */,
				719D0DC928AA8556005A2B4D /* Resource.swift in Sources */,
				719D0DCD28AA88F2005A2B4D /* PublisherExtension.swift in Sources */,
				719D0DE628AB8EEC005A2B4D /* WordCell.swift in Sources */,
				719D0DDB28AAACA1005A2B4D /* WordViewModel.swift in Sources */,
				71A8117228AA60CF004A351D /* SceneDelegate.swift in Sources */,
			);
			runOnlyForDeploymentPostprocessing = 0;
		};
/* End PBXSourcesBuildPhase section */

/* Begin PBXVariantGroup section */
		71A8117528AA60CF004A351D /* Main.storyboard */ = {
			isa = PBXVariantGroup;
			children = (
				71A8117628AA60CF004A351D /* Base */,
			);
			name = Main.storyboard;
			sourceTree = "<group>";
		};
		71A8117A28AA60D1004A351D /* LaunchScreen.storyboard */ = {
			isa = PBXVariantGroup;
			children = (
				71A8117B28AA60D1004A351D /* Base */,
			);
			name = LaunchScreen.storyboard;
			sourceTree = "<group>";
		};
/* End PBXVariantGroup section */

/* Begin XCBuildConfiguration section */
		71A8117E28AA60D1004A351D /* Debug */ = {
			isa = XCBuildConfiguration;
			buildSettings = {
				ALWAYS_SEARCH_USER_PATHS = NO;
				CLANG_ANALYZER_NONNULL = YES;
				CLANG_ANALYZER_NUMBER_OBJECT_CONVERSION = YES_AGGRESSIVE;
				CLANG_CXX_LANGUAGE_STANDARD = "gnu++17";
				CLANG_ENABLE_MODULES = YES;
				CLANG_ENABLE_OBJC_ARC = YES;
				CLANG_ENABLE_OBJC_WEAK = YES;
				CLANG_WARN_BLOCK_CAPTURE_AUTORELEASING = YES;
				CLANG_WARN_BOOL_CONVERSION = YES;
				CLANG_WARN_COMMA = YES;
				CLANG_WARN_CONSTANT_CONVERSION = YES;
				CLANG_WARN_DEPRECATED_OBJC_IMPLEMENTATIONS = YES;
				CLANG_WARN_DIRECT_OBJC_ISA_USAGE = YES_ERROR;
				CLANG_WARN_DOCUMENTATION_COMMENTS = YES;
				CLANG_WARN_EMPTY_BODY = YES;
				CLANG_WARN_ENUM_CONVERSION = YES;
				CLANG_WARN_INFINITE_RECURSION = YES;
				CLANG_WARN_INT_CONVERSION = YES;
				CLANG_WARN_NON_LITERAL_NULL_CONVERSION = YES;
				CLANG_WARN_OBJC_IMPLICIT_RETAIN_SELF = YES;
				CLANG_WARN_OBJC_LITERAL_CONVERSION = YES;
				CLANG_WARN_OBJC_ROOT_CLASS = YES_ERROR;
				CLANG_WARN_QUOTED_INCLUDE_IN_FRAMEWORK_HEADER = YES;
				CLANG_WARN_RANGE_LOOP_ANALYSIS = YES;
				CLANG_WARN_STRICT_PROTOTYPES = YES;
				CLANG_WARN_SUSPICIOUS_MOVE = YES;
				CLANG_WARN_UNGUARDED_AVAILABILITY = YES_AGGRESSIVE;
				CLANG_WARN_UNREACHABLE_CODE = YES;
				CLANG_WARN__DUPLICATE_METHOD_MATCH = YES;
				COPY_PHASE_STRIP = NO;
				DEBUG_INFORMATION_FORMAT = dwarf;
				ENABLE_STRICT_OBJC_MSGSEND = YES;
				ENABLE_TESTABILITY = YES;
				GCC_C_LANGUAGE_STANDARD = gnu11;
				GCC_DYNAMIC_NO_PIC = NO;
				GCC_NO_COMMON_BLOCKS = YES;
				GCC_OPTIMIZATION_LEVEL = 0;
				GCC_PREPROCESSOR_DEFINITIONS = (
					"DEBUG=1",
					"$(inherited)",
				);
				GCC_WARN_64_TO_32_BIT_CONVERSION = YES;
				GCC_WARN_ABOUT_RETURN_TYPE = YES_ERROR;
				GCC_WARN_UNDECLARED_SELECTOR = YES;
				GCC_WARN_UNINITIALIZED_AUTOS = YES_AGGRESSIVE;
				GCC_WARN_UNUSED_FUNCTION = YES;
				GCC_WARN_UNUSED_VARIABLE = YES;
				IPHONEOS_DEPLOYMENT_TARGET = 15.5;
				MTL_ENABLE_DEBUG_INFO = INCLUDE_SOURCE;
				MTL_FAST_MATH = YES;
				ONLY_ACTIVE_ARCH = YES;
				SDKROOT = iphoneos;
				SWIFT_ACTIVE_COMPILATION_CONDITIONS = DEBUG;
				SWIFT_OPTIMIZATION_LEVEL = "-Onone";
			};
			name = Debug;
		};
		71A8117F28AA60D1004A351D /* Release */ = {
			isa = XCBuildConfiguration;
			buildSettings = {
				ALWAYS_SEARCH_USER_PATHS = NO;
				CLANG_ANALYZER_NONNULL = YES;
				CLANG_ANALYZER_NUMBER_OBJECT_CONVERSION = YES_AGGRESSIVE;
				CLANG_CXX_LANGUAGE_STANDARD = "gnu++17";
				CLANG_ENABLE_MODULES = YES;
				CLANG_ENABLE_OBJC_ARC = YES;
				CLANG_ENABLE_OBJC_WEAK = YES;
				CLANG_WARN_BLOCK_CAPTURE_AUTORELEASING = YES;
				CLANG_WARN_BOOL_CONVERSION = YES;
				CLANG_WARN_COMMA = YES;
				CLANG_WARN_CONSTANT_CONVERSION = YES;
				CLANG_WARN_DEPRECATED_OBJC_IMPLEMENTATIONS = YES;
				CLANG_WARN_DIRECT_OBJC_ISA_USAGE = YES_ERROR;
				CLANG_WARN_DOCUMENTATION_COMMENTS = YES;
				CLANG_WARN_EMPTY_BODY = YES;
				CLANG_WARN_ENUM_CONVERSION = YES;
				CLANG_WARN_INFINITE_RECURSION = YES;
				CLANG_WARN_INT_CONVERSION = YES;
				CLANG_WARN_NON_LITERAL_NULL_CONVERSION = YES;
				CLANG_WARN_OBJC_IMPLICIT_RETAIN_SELF = YES;
				CLANG_WARN_OBJC_LITERAL_CONVERSION = YES;
				CLANG_WARN_OBJC_ROOT_CLASS = YES_ERROR;
				CLANG_WARN_QUOTED_INCLUDE_IN_FRAMEWORK_HEADER = YES;
				CLANG_WARN_RANGE_LOOP_ANALYSIS = YES;
				CLANG_WARN_STRICT_PROTOTYPES = YES;
				CLANG_WARN_SUSPICIOUS_MOVE = YES;
				CLANG_WARN_UNGUARDED_AVAILABILITY = YES_AGGRESSIVE;
				CLANG_WARN_UNREACHABLE_CODE = YES;
				CLANG_WARN__DUPLICATE_METHOD_MATCH = YES;
				COPY_PHASE_STRIP = NO;
				DEBUG_INFORMATION_FORMAT = "dwarf-with-dsym";
				ENABLE_NS_ASSERTIONS = NO;
				ENABLE_STRICT_OBJC_MSGSEND = YES;
				GCC_C_LANGUAGE_STANDARD = gnu11;
				GCC_NO_COMMON_BLOCKS = YES;
				GCC_WARN_64_TO_32_BIT_CONVERSION = YES;
				GCC_WARN_ABOUT_RETURN_TYPE = YES_ERROR;
				GCC_WARN_UNDECLARED_SELECTOR = YES;
				GCC_WARN_UNINITIALIZED_AUTOS = YES_AGGRESSIVE;
				GCC_WARN_UNUSED_FUNCTION = YES;
				GCC_WARN_UNUSED_VARIABLE = YES;
				IPHONEOS_DEPLOYMENT_TARGET = 15.5;
				MTL_ENABLE_DEBUG_INFO = NO;
				MTL_FAST_MATH = YES;
				SDKROOT = iphoneos;
				SWIFT_COMPILATION_MODE = wholemodule;
				SWIFT_OPTIMIZATION_LEVEL = "-O";
				VALIDATE_PRODUCT = YES;
			};
			name = Release;
		};
		71A8118128AA60D1004A351D /* Debug */ = {
			isa = XCBuildConfiguration;
			buildSettings = {
				ASSETCATALOG_COMPILER_APPICON_NAME = AppIcon;
				ASSETCATALOG_COMPILER_GLOBAL_ACCENT_COLOR_NAME = AccentColor;
				CODE_SIGN_STYLE = Automatic;
				CURRENT_PROJECT_VERSION = 1;
				DEVELOPMENT_TEAM = 792N87PWZU;
				GENERATE_INFOPLIST_FILE = YES;
				INFOPLIST_FILE = RandomWords/Info.plist;
				INFOPLIST_KEY_UIApplicationSupportsIndirectInputEvents = YES;
				INFOPLIST_KEY_UILaunchStoryboardName = LaunchScreen;
				INFOPLIST_KEY_UIMainStoryboardFile = Main;
				INFOPLIST_KEY_UISupportedInterfaceOrientations_iPad = "UIInterfaceOrientationPortrait UIInterfaceOrientationPortraitUpsideDown UIInterfaceOrientationLandscapeLeft UIInterfaceOrientationLandscapeRight";
				INFOPLIST_KEY_UISupportedInterfaceOrientations_iPhone = "UIInterfaceOrientationPortrait UIInterfaceOrientationLandscapeLeft UIInterfaceOrientationLandscapeRight";
				LD_RUNPATH_SEARCH_PATHS = (
					"$(inherited)",
					"@executable_path/Frameworks",
				);
				MARKETING_VERSION = 1.0;
				PRODUCT_BUNDLE_IDENTIFIER = com.mnis.RandomWords;
				PRODUCT_NAME = "$(TARGET_NAME)";
				SWIFT_EMIT_LOC_STRINGS = YES;
				SWIFT_VERSION = 5.0;
				TARGETED_DEVICE_FAMILY = "1,2";
			};
			name = Debug;
		};
		71A8118228AA60D1004A351D /* Release */ = {
			isa = XCBuildConfiguration;
			buildSettings = {
				ASSETCATALOG_COMPILER_APPICON_NAME = AppIcon;
				ASSETCATALOG_COMPILER_GLOBAL_ACCENT_COLOR_NAME = AccentColor;
				CODE_SIGN_STYLE = Automatic;
				CURRENT_PROJECT_VERSION = 1;
				DEVELOPMENT_TEAM = 792N87PWZU;
				GENERATE_INFOPLIST_FILE = YES;
				INFOPLIST_FILE = RandomWords/Info.plist;
				INFOPLIST_KEY_UIApplicationSupportsIndirectInputEvents = YES;
				INFOPLIST_KEY_UILaunchStoryboardName = LaunchScreen;
				INFOPLIST_KEY_UIMainStoryboardFile = Main;
				INFOPLIST_KEY_UISupportedInterfaceOrientations_iPad = "UIInterfaceOrientationPortrait UIInterfaceOrientationPortraitUpsideDown UIInterfaceOrientationLandscapeLeft UIInterfaceOrientationLandscapeRight";
				INFOPLIST_KEY_UISupportedInterfaceOrientations_iPhone = "UIInterfaceOrientationPortrait UIInterfaceOrientationLandscapeLeft UIInterfaceOrientationLandscapeRight";
				LD_RUNPATH_SEARCH_PATHS = (
					"$(inherited)",
					"@executable_path/Frameworks",
				);
				MARKETING_VERSION = 1.0;
				PRODUCT_BUNDLE_IDENTIFIER = com.mnis.RandomWords;
				PRODUCT_NAME = "$(TARGET_NAME)";
				SWIFT_EMIT_LOC_STRINGS = YES;
				SWIFT_VERSION = 5.0;
				TARGETED_DEVICE_FAMILY = "1,2";
			};
			name = Release;
		};
/* End XCBuildConfiguration section */

/* Begin XCConfigurationList section */
		71A8116728AA60CF004A351D /* Build configuration list for PBXProject "RandomWords" */ = {
			isa = XCConfigurationList;
			buildConfigurations = (
				71A8117E28AA60D1004A351D /* Debug */,
				71A8117F28AA60D1004A351D /* Release */,
			);
			defaultConfigurationIsVisible = 0;
			defaultConfigurationName = Release;
		};
		71A8118028AA60D1004A351D /* Build configuration list for PBXNativeTarget "RandomWords" */ = {
			isa = XCConfigurationList;
			buildConfigurations = (
				71A8118128AA60D1004A351D /* Debug */,
				71A8118228AA60D1004A351D /* Release */,
			);
			defaultConfigurationIsVisible = 0;
			defaultConfigurationName = Release;
		};
/* End XCConfigurationList section */

/* Begin XCRemoteSwiftPackageReference section */
		719D0DCE28AA8DA8005A2B4D /* XCRemoteSwiftPackageReference "Then" */ = {
			isa = XCRemoteSwiftPackageReference;
			repositoryURL = "https://github.com/devxoul/Then";
			requirement = {
				kind = upToNextMajorVersion;
				minimumVersion = 3.0.0;
			};
		};
		719D0DD128AA8EB3005A2B4D /* XCRemoteSwiftPackageReference "SnapKit" */ = {
			isa = XCRemoteSwiftPackageReference;
			repositoryURL = "https://github.com/SnapKit/SnapKit.git";
			requirement = {
				kind = upToNextMajorVersion;
				minimumVersion = 5.0.0;
			};
		};
		719D0DD428AAA847005A2B4D /* XCRemoteSwiftPackageReference "Alamofire" */ = {
			isa = XCRemoteSwiftPackageReference;
			repositoryURL = "https://github.com/Alamofire/Alamofire.git";
			requirement = {
				kind = upToNextMajorVersion;
				minimumVersion = 5.0.0;
			};
		};
		719D0DE728AB931F005A2B4D /* XCRemoteSwiftPackageReference "NVActivityIndicatorView" */ = {
			isa = XCRemoteSwiftPackageReference;
			repositoryURL = "https://github.com/ninjaprox/NVActivityIndicatorView.git";
			requirement = {
				kind = upToNextMajorVersion;
				minimumVersion = 5.0.0;
			};
		};
/* End XCRemoteSwiftPackageReference section */

/* Begin XCSwiftPackageProductDependency section */
		719D0DCF28AA8DA8005A2B4D /* Then */ = {
			isa = XCSwiftPackageProductDependency;
			package = 719D0DCE28AA8DA8005A2B4D /* XCRemoteSwiftPackageReference "Then" */;
			productName = Then;
		};
		719D0DD228AA8EB3005A2B4D /* SnapKit */ = {
			isa = XCSwiftPackageProductDependency;
			package = 719D0DD128AA8EB3005A2B4D /* XCRemoteSwiftPackageReference "SnapKit" */;
			productName = SnapKit;
		};
		719D0DD528AAA847005A2B4D /* Alamofire */ = {
			isa = XCSwiftPackageProductDependency;
			package = 719D0DD428AAA847005A2B4D /* XCRemoteSwiftPackageReference "Alamofire" */;
			productName = Alamofire;
		};
		719D0DE828AB931F005A2B4D /* NVActivityIndicatorView */ = {
			isa = XCSwiftPackageProductDependency;
			package = 719D0DE728AB931F005A2B4D /* XCRemoteSwiftPackageReference "NVActivityIndicatorView" */;
			productName = NVActivityIndicatorView;
		};
/* End XCSwiftPackageProductDependency section */
	};
	rootObject = 71A8116428AA60CF004A351D /* Project object */;
}
